
Microsoft Visual Studio Solution File, Format Version 12.00
# Visual Studio Version 17
VisualStudioVersion = 17.2.32516.85
MinimumVisualStudioVersion = 10.0.40219.1
Project("{9A19103F-16F7-4668-BE54-9A1E7A4F7556}") = "SohCahToa", "src\SohCahToa\SohCahToa.csproj", "{9C0B2149-12E3-4705-A0CB-29F57DA73CAB}"
EndProject
Global
	GlobalSection(SolutionConfigurationPlatforms) = preSolution
		Debug|Any CPU = Debug|Any CPU
		Release|Any CPU = Release|Any CPU
	EndGlobalSection
	GlobalSection(ProjectConfigurationPlatforms) = postSolution
		{9C0B2149-12E3-4705-A0CB-29F57DA73CAB}.Debug|Any CPU.ActiveCfg = Debug|Any CPU
		{9C0B2149-12E3-4705-A0CB-29F57DA73CAB}.Debug|Any CPU.Build.0 = Debug|Any CPU
		{9C0B2149-12E3-4705-A0CB-29F57DA73CAB}.Release|Any CPU.ActiveCfg = Release|Any CPU
		{9C0B2149-12E3-4705-A0CB-29F57DA73CAB}.Release|Any CPU.Build.0 = Release|Any CPU
	EndGlobalSection
	GlobalSection(SolutionProperties) = preSolution
		HideSolutionNode = FALSE
	EndGlobalSection
	GlobalSection(ExtensibilityGlobals) = postSolution
		SolutionGuid = {4FA1CB71-FAC7-46DD-A2F6-8653B5435B33}
	EndGlobalSection
EndGlobal
